{
  "object": {
    "pins": [
      {
        "package": "DeltaCore",
        "repositoryURL": "https://github.com/rileytestut/DeltaCore.git",
        "state": {
          "branch": "visionOS",
          "revision": "9f8137c08ce24c19701f84e2f2cf56ad18657506",
          "version": null
        }
      },
      {
        "package": "ZIPFoundation",
        "repositoryURL": "https://github.com/weichsel/ZIPFoundation.git",
        "state": {
          "branch": null,
          "revision": "a3f5c2bae0f04b0bce9ef3c4ba6bd1031a0564c4",
          "version": "0.9.17"
        }
      }
    ]
  },
  "version": 1
}
